
Microsoft Visual Studio Solution File, Format Version 12.00
# Visual Studio Version 16
VisualStudioVersion = 16.0.28803.452
MinimumVisualStudioVersion = 10.0.40219.1
Project("{9A19103F-16F7-4668-BE54-9A1E7A4F7556}") = "Borium.DomainModel", "Borium.DomainModel\Borium.DomainModel.csproj", "{7BBC26C6-A487-4D76-B3EB-F86B0E8E4EA2}"
EndProject
Project("{9A19103F-16F7-4668-BE54-9A1E7A4F7556}") = "Borium.Repositories", "Borium.Repositories\Borium.Repositories.csproj", "{E0434B2B-62C6-4BCA-978E-9822193DECE1}"
EndProject
Project("{9A19103F-16F7-4668-BE54-9A1E7A4F7556}") = "Borium.Webhost", "Borium.Webhost\Borium.Webhost.csproj", "{04AB74D1-FC56-4E47-BE56-DC248717C7B1}"
EndProject
Project("{9A19103F-16F7-4668-BE54-9A1E7A4F7556}") = "Borium.Application", "Borium.Application\Borium.Application.csproj", "{586EFEE4-EE26-4A3B-AD0C-3BAB146313F7}"
EndProject
Project("{00D1A9C2-B5F0-4AF3-8072-F6C62B433612}") = "Borium.Database", "Borium.Database\Borium.Database.sqlproj", "{63CA4FA5-5495-4BBA-8876-18A5703C21D4}"
EndProject
Project("{00D1A9C2-B5F0-4AF3-8072-F6C62B433612}") = "Borium.Database.DemoData", "Borium.Database.DemoData\Borium.Database.DemoData.sqlproj", "{49E0E75C-C8A4-4849-9C47-85B9476CDE08}"
EndProject
Global
	GlobalSection(SolutionConfigurationPlatforms) = preSolution
		Debug|Any CPU = Debug|Any CPU
		Release|Any CPU = Release|Any CPU
	EndGlobalSection
	GlobalSection(ProjectConfigurationPlatforms) = postSolution
		{7BBC26C6-A487-4D76-B3EB-F86B0E8E4EA2}.Debug|Any CPU.ActiveCfg = Debug|Any CPU
		{7BBC26C6-A487-4D76-B3EB-F86B0E8E4EA2}.Debug|Any CPU.Build.0 = Debug|Any CPU
		{7BBC26C6-A487-4D76-B3EB-F86B0E8E4EA2}.Release|Any CPU.ActiveCfg = Release|Any CPU
		{7BBC26C6-A487-4D76-B3EB-F86B0E8E4EA2}.Release|Any CPU.Build.0 = Release|Any CPU
		{E0434B2B-62C6-4BCA-978E-9822193DECE1}.Debug|Any CPU.ActiveCfg = Debug|Any CPU
		{E0434B2B-62C6-4BCA-978E-9822193DECE1}.Debug|Any CPU.Build.0 = Debug|Any CPU
		{E0434B2B-62C6-4BCA-978E-9822193DECE1}.Release|Any CPU.ActiveCfg = Release|Any CPU
		{E0434B2B-62C6-4BCA-978E-9822193DECE1}.Release|Any CPU.Build.0 = Release|Any CPU
		{04AB74D1-FC56-4E47-BE56-DC248717C7B1}.Debug|Any CPU.ActiveCfg = Debug|Any CPU
		{04AB74D1-FC56-4E47-BE56-DC248717C7B1}.Debug|Any CPU.Build.0 = Debug|Any CPU
		{04AB74D1-FC56-4E47-BE56-DC248717C7B1}.Release|Any CPU.ActiveCfg = Release|Any CPU
		{04AB74D1-FC56-4E47-BE56-DC248717C7B1}.Release|Any CPU.Build.0 = Release|Any CPU
		{586EFEE4-EE26-4A3B-AD0C-3BAB146313F7}.Debug|Any CPU.ActiveCfg = Debug|Any CPU
		{586EFEE4-EE26-4A3B-AD0C-3BAB146313F7}.Debug|Any CPU.Build.0 = Debug|Any CPU
		{586EFEE4-EE26-4A3B-AD0C-3BAB146313F7}.Release|Any CPU.ActiveCfg = Release|Any CPU
		{586EFEE4-EE26-4A3B-AD0C-3BAB146313F7}.Release|Any CPU.Build.0 = Release|Any CPU
		{63CA4FA5-5495-4BBA-8876-18A5703C21D4}.Debug|Any CPU.ActiveCfg = Debug|Any CPU
		{63CA4FA5-5495-4BBA-8876-18A5703C21D4}.Debug|Any CPU.Build.0 = Debug|Any CPU
		{63CA4FA5-5495-4BBA-8876-18A5703C21D4}.Debug|Any CPU.Deploy.0 = Debug|Any CPU
		{63CA4FA5-5495-4BBA-8876-18A5703C21D4}.Release|Any CPU.ActiveCfg = Release|Any CPU
		{63CA4FA5-5495-4BBA-8876-18A5703C21D4}.Release|Any CPU.Build.0 = Release|Any CPU
		{63CA4FA5-5495-4BBA-8876-18A5703C21D4}.Release|Any CPU.Deploy.0 = Release|Any CPU
		{49E0E75C-C8A4-4849-9C47-85B9476CDE08}.Debug|Any CPU.ActiveCfg = Debug|Any CPU
		{49E0E75C-C8A4-4849-9C47-85B9476CDE08}.Debug|Any CPU.Build.0 = Debug|Any CPU
		{49E0E75C-C8A4-4849-9C47-85B9476CDE08}.Debug|Any CPU.Deploy.0 = Debug|Any CPU
		{49E0E75C-C8A4-4849-9C47-85B9476CDE08}.Release|Any CPU.ActiveCfg = Release|Any CPU
		{49E0E75C-C8A4-4849-9C47-85B9476CDE08}.Release|Any CPU.Build.0 = Release|Any CPU
		{49E0E75C-C8A4-4849-9C47-85B9476CDE08}.Release|Any CPU.Deploy.0 = Release|Any CPU
	EndGlobalSection
	GlobalSection(SolutionProperties) = preSolution
		HideSolutionNode = FALSE
	EndGlobalSection
	GlobalSection(ExtensibilityGlobals) = postSolution
		SolutionGuid = {1752732B-0E24-4C9A-8A57-63CD6E4789FE}
	EndGlobalSection
EndGlobal
